// !$*UTF8*$!
{
	archiveVersion = 1;
	classes = {
	};
	objectVersion = 46;
	objects = {

/* Begin PBXBuildFile section */
		4E57FE101D306CB600A5BFE4 /* main.m in Sources */ = {isa = PBXBuildFile; fileRef = 4E57FE0F1D306CB600A5BFE4 /* main.m */; };
		4E57FE131D306CB600A5BFE4 /* AppDelegate.m in Sources */ = {isa = PBXBuildFile; fileRef = 4E57FE121D306CB600A5BFE4 /* AppDelegate.m */; };
		4E57FE161D306CB600A5BFE4 /* ViewController.m in Sources */ = {isa = PBXBuildFile; fileRef = 4E57FE151D306CB600A5BFE4 /* ViewController.m */; };
		4E57FE191D306CB600A5BFE4 /* Main.storyboard in Resources */ = {isa = PBXBuildFile; fileRef = 4E57FE171D306CB600A5BFE4 /* Main.storyboard */; };
		4E57FE1C1D306CB600A5BFE4 /* Class_Notification.xcdatamodeld in Sources */ = {isa = PBXBuildFile; fileRef = 4E57FE1A1D306CB600A5BFE4 /* Class_Notification.xcdatamodeld */; };
		4E57FE1E1D306CB700A5BFE4 /* Assets.xcassets in Resources */ = {isa = PBXBuildFile; fileRef = 4E57FE1D1D306CB700A5BFE4 /* Assets.xcassets */; };
		4E57FE211D306CB700A5BFE4 /* LaunchScreen.storyboard in Resources */ = {isa = PBXBuildFile; fileRef = 4E57FE1F1D306CB700A5BFE4 /* LaunchScreen.storyboard */; };
/* End PBXBuildFile section */

/* Begin PBXFileReference section */
		4E57FE0B1D306CB600A5BFE4 /* Class_Notification.app */ = {isa = PBXFileReference; explicitFileType = wrapper.application; includeInIndex = 0; path = Class_Notification.app; sourceTree = BUILT_PRODUCTS_DIR; };
		4E57FE0F1D306CB600A5BFE4 /* main.m */ = {isa = PBXFileReference; lastKnownFileType = sourcecode.c.objc; path = main.m; sourceTree = "<group>"; };
		4E57FE111D306CB600A5BFE4 /* AppDelegate.h */ = {isa = PBXFileReference; lastKnownFileType = sourcecode.c.h; path = AppDelegate.h; sourceTree = "<group>"; };
		4E57FE121D306CB600A5BFE4 /* AppDelegate.m */ = {isa = PBXFileReference; lastKnownFileType = sourcecode.c.objc; path = AppDelegate.m; sourceTree = "<group>"; };
		4E57FE141D306CB600A5BFE4 /* ViewController.h */ = {isa = PBXFileReference; lastKnownFileType = sourcecode.c.h; path = ViewController.h; sourceTree = "<group>"; };
		4E57FE151D306CB600A5BFE4 /* ViewController.m */ = {isa = PBXFileReference; lastKnownFileType = sourcecode.c.objc; path = ViewController.m; sourceTree = "<group>"; };
		4E57FE181D306CB600A5BFE4 /* Base */ = {isa = PBXFileReference; lastKnownFileType = file.storyboard; name = Base; path = Base.lproj/Main.storyboard; sourceTree = "<group>"; };
		4E57FE1B1D306CB600A5BFE4 /* Class_Notification.xcdatamodel */ = {isa = PBXFileReference; lastKnownFileType = wrapper.xcdatamodel; path = Class_Notification.xcdatamodel; sourceTree = "<group>"; };
		4E57FE1D1D306CB700A5BFE4 /* Assets.xcassets */ = {isa = PBXFileReference; lastKnownFileType = folder.assetcatalog; path = Assets.xcassets; sourceTree = "<group>"; };
		4E57FE201D306CB700A5BFE4 /* Base */ = {isa = PBXFileReference; lastKnownFileType = file.storyboard; name = Base; path = Base.lproj/LaunchScreen.storyboard; sourceTree = "<group>"; };
		4E57FE221D306CB700A5BFE4 /* Info.plist */ = {isa = PBXFileReference; lastKnownFileType = text.plist.xml; path = Info.plist; sourceTree = "<group>"; };
/* End PBXFileReference section */

/* Begin PBXFrameworksBuildPhase section */
		4E57FE081D306CB600A5BFE4 /* Frameworks */ = {
			isa = PBXFrameworksBuildPhase;
			buildActionMask = 2147483647;
			files = (
			);
			runOnlyForDeploymentPostprocessing = 0;
		};
/* End PBXFrameworksBuildPhase section */

/* Begin PBXGroup section */
		4E57FE021D306CB600A5BFE4 = {
			isa = PBXGroup;
			children = (
				4E57FE0D1D306CB600A5BFE4 /* Class_Notification */,
				4E57FE0C1D306CB600A5BFE4 /* Products */,
			);
			sourceTree = "<group>";
		};
		4E57FE0C1D306CB600A5BFE4 /* Products */ = {
			isa = PBXGroup;
			children = (
				4E57FE0B1D306CB600A5BFE4 /* Class_Notification.app */,
			);
			name = Products;
			sourceTree = "<group>";
		};
		4E57FE0D1D306CB600A5BFE4 /* Class_Notification */ = {
			isa = PBXGroup;
			children = (
				4E57FE291D306D9600A5BFE4 /* Main */,
				4E57FE281D306D3E00A5BFE4 /* Cotrollers */,
				4E57FE171D306CB600A5BFE4 /* Main.storyboard */,
				4E57FE1D1D306CB700A5BFE4 /* Assets.xcassets */,
				4E57FE1F1D306CB700A5BFE4 /* LaunchScreen.storyboard */,
				4E57FE221D306CB700A5BFE4 /* Info.plist */,
				4E57FE1A1D306CB600A5BFE4 /* Class_Notification.xcdatamodeld */,
				4E57FE0E1D306CB600A5BFE4 /* Supporting Files */,
			);
			path = Class_Notification;
			sourceTree = "<group>";
		};
		4E57FE0E1D306CB600A5BFE4 /* Supporting Files */ = {
			isa = PBXGroup;
			children = (
				4E57FE0F1D306CB600A5BFE4 /* main.m */,
			);
			name = "Supporting Files";
			sourceTree = "<group>";
		};
		4E57FE281D306D3E00A5BFE4 /* Cotrollers */ = {
			isa = PBXGroup;
			children = (
				4E57FE141D306CB600A5BFE4 /* ViewController.h */,
				4E57FE151D306CB600A5BFE4 /* ViewController.m */,
			);
			name = Cotrollers;
			sourceTree = "<group>";
		};
		4E57FE291D306D9600A5BFE4 /* Main */ = {
			isa = PBXGroup;
			children = (
				4E57FE111D306CB600A5BFE4 /* AppDelegate.h */,
				4E57FE121D306CB600A5BFE4 /* AppDelegate.m */,
			);
			name = Main;
			sourceTree = "<group>";
		};
/* End PBXGroup section */

/* Begin PBXNativeTarget section */
		4E57FE0A1D306CB600A5BFE4 /* Class_Notification */ = {
			isa = PBXNativeTarget;
			buildConfigurationList = 4E57FE251D306CB700A5BFE4 /* Build configuration list for PBXNativeTarget "Class_Notification" */;
			buildPhases = (
				4E57FE071D306CB600A5BFE4 /* Sources */,
				4E57FE081D306CB600A5BFE4 /* Frameworks */,
				4E57FE091D306CB600A5BFE4 /* Resources */,
			);
			buildRules = (
			);
			dependencies = (
			);
			name = Class_Notification;
			productName = Class_Notification;
			productReference = 4E57FE0B1D306CB600A5BFE4 /* Class_Notification.app */;
			productType = "com.apple.product-type.application";
		};
/* End PBXNativeTarget section */

/* Begin PBXProject section */
		4E57FE031D306CB600A5BFE4 /* Project object */ = {
			isa = PBXProject;
			attributes = {
				LastUpgradeCheck = 0730;
				ORGANIZATIONNAME = AlejandroRuiz;
				TargetAttributes = {
					4E57FE0A1D306CB600A5BFE4 = {
						CreatedOnToolsVersion = 7.3.1;
					};
				};
			};
			buildConfigurationList = 4E57FE061D306CB600A5BFE4 /* Build configuration list for PBXProject "Class_Notification" */;
			compatibilityVersion = "Xcode 3.2";
			developmentRegion = English;
			hasScannedForEncodings = 0;
			knownRegions = (
				en,
				Base,
			);
			mainGroup = 4E57FE021D306CB600A5BFE4;
			productRefGroup = 4E57FE0C1D306CB600A5BFE4 /* Products */;
			projectDirPath = "";
			projectRoot = "";
			targets = (
				4E57FE0A1D306CB600A5BFE4 /* Class_Notification */,
			);
		};
/* End PBXProject section */

/* Begin PBXResourcesBuildPhase section */
		4E57FE091D306CB600A5BFE4 /* Resources */ = {
			isa = PBXResourcesBuildPhase;
			buildActionMask = 2147483647;
			files = (
				4E57FE211D306CB700A5BFE4 /* LaunchScreen.storyboard in Resources */,
				4E57FE1E1D306CB700A5BFE4 /* Assets.xcassets in Resources */,
				4E57FE191D306CB600A5BFE4 /* Main.storyboard in Resources */,
			);
			runOnlyForDeploymentPostprocessing = 0;
		};
/* End PBXResourcesBuildPhase section */

/* Begin PBXSourcesBuildPhase section */
		4E57FE071D306CB600A5BFE4 /* Sources */ = {
			isa = PBXSourcesBuildPhase;
			buildActionMask = 2147483647;
			files = (
				4E57FE161D306CB600A5BFE4 /* ViewController.m in Sources */,
				4E57FE131D306CB600A5BFE4 /* AppDelegate.m in Sources */,
				4E57FE101D306CB600A5BFE4 /* main.m in Sources */,
				4E57FE1C1D306CB600A5BFE4 /* Class_Notification.xcdatamodeld in Sources */,
			);
			runOnlyForDeploymentPostprocessing = 0;
		};
/* End PBXSourcesBuildPhase section */

/* Begin PBXVariantGroup section */
		4E57FE171D306CB600A5BFE4 /* Main.storyboard */ = {
			isa = PBXVariantGroup;
			children = (
				4E57FE181D306CB600A5BFE4 /* Base */,
			);
			name = Main.storyboard;
			sourceTree = "<group>";
		};
		4E57FE1F1D306CB700A5BFE4 /* LaunchScreen.storyboard */ = {
			isa = PBXVariantGroup;
			children = (
				4E57FE201D306CB700A5BFE4 /* Base */,
			);
			name = LaunchScreen.storyboard;
			sourceTree = "<group>";
		};
/* End PBXVariantGroup section */

/* Begin XCBuildConfiguration section */
		4E57FE231D306CB700A5BFE4 /* Debug */ = {
			isa = XCBuildConfiguration;
			buildSettings = {
				ALWAYS_SEARCH_USER_PATHS = NO;
				CLANG_ANALYZER_NONNULL = YES;
				CLANG_CXX_LANGUAGE_STANDARD = "gnu++0x";
				CLANG_CXX_LIBRARY = "libc++";
				CLANG_ENABLE_MODULES = YES;
				CLANG_ENABLE_OBJC_ARC = YES;
				CLANG_WARN_BOOL_CONVERSION = YES;
				CLANG_WARN_CONSTANT_CONVERSION = YES;
				CLANG_WARN_DIRECT_OBJC_ISA_USAGE = YES_ERROR;
				CLANG_WARN_EMPTY_BODY = YES;
				CLANG_WARN_ENUM_CONVERSION = YES;
				CLANG_WARN_INT_CONVERSION = YES;
				CLANG_WARN_OBJC_ROOT_CLASS = YES_ERROR;
				CLANG_WARN_UNREACHABLE_CODE = YES;
				CLANG_WARN__DUPLICATE_METHOD_MATCH = YES;
				"CODE_SIGN_IDENTITY[sdk=iphoneos*]" = "iPhone Developer";
				COPY_PHASE_STRIP = NO;
				DEBUG_INFORMATION_FORMAT = dwarf;
				ENABLE_STRICT_OBJC_MSGSEND = YES;
				ENABLE_TESTABILITY = YES;
				GCC_C_LANGUAGE_STANDARD = gnu99;
				GCC_DYNAMIC_NO_PIC = NO;
				GCC_NO_COMMON_BLOCKS = YES;
				GCC_OPTIMIZATION_LEVEL = 0;
				GCC_PREPROCESSOR_DEFINITIONS = (
					"DEBUG=1",
					"$(inherited)",
				);
				GCC_WARN_64_TO_32_BIT_CONVERSION = YES;
				GCC_WARN_ABOUT_RETURN_TYPE = YES_ERROR;
				GCC_WARN_UNDECLARED_SELECTOR = YES;
				GCC_WARN_UNINITIALIZED_AUTOS = YES_AGGRESSIVE;
				GCC_WARN_UNUSED_FUNCTION = YES;
				GCC_WARN_UNUSED_VARIABLE = YES;
				IPHONEOS_DEPLOYMENT_TARGET = 9.3;
				MTL_ENABLE_DEBUG_INFO = YES;
				ONLY_ACTIVE_ARCH = YES;
				SDKROOT = iphoneos;
			};
			name = Debug;
		};
		4E57FE241D306CB700A5BFE4 /* Release */ = {
			isa = XCBuildConfiguration;
			buildSettings = {
				ALWAYS_SEARCH_USER_PATHS = NO;
				CLANG_ANALYZER_NONNULL = YES;
				CLANG_CXX_LANGUAGE_STANDARD = "gnu++0x";
				CLANG_CXX_LIBRARY = "libc++";
				CLANG_ENABLE_MODULES = YES;
				CLANG_ENABLE_OBJC_ARC = YES;
				CLANG_WARN_BOOL_CONVERSION = YES;
				CLANG_WARN_CONSTANT_CONVERSION = YES;
				CLANG_WARN_DIRECT_OBJC_ISA_USAGE = YES_ERROR;
				CLANG_WARN_EMPTY_BODY = YES;
				CLANG_WARN_ENUM_CONVERSION = YES;
				CLANG_WARN_INT_CONVERSION = YES;
				CLANG_WARN_OBJC_ROOT_CLASS = YES_ERROR;
				CLANG_WARN_UNREACHABLE_CODE = YES;
				CLANG_WARN__DUPLICATE_METHOD_MATCH = YES;
				"CODE_SIGN_IDENTITY[sdk=iphoneos*]" = "iPhone Developer";
				COPY_PHASE_STRIP = NO;
				DEBUG_INFORMATION_FORMAT = "dwarf-with-dsym";
				ENABLE_NS_ASSERTIONS = NO;
				ENABLE_STRICT_OBJC_MSGSEND = YES;
				GCC_C_LANGUAGE_STANDARD = gnu99;
				GCC_NO_COMMON_BLOCKS = YES;
				GCC_WARN_64_TO_32_BIT_CONVERSION = YES;
				GCC_WARN_ABOUT_RETURN_TYPE = YES_ERROR;
				GCC_WARN_UNDECLARED_SELECTOR = YES;
				GCC_WARN_UNINITIALIZED_AUTOS = YES_AGGRESSIVE;
				GCC_WARN_UNUSED_FUNCTION = YES;
				GCC_WARN_UNUSED_VARIABLE = YES;
				IPHONEOS_DEPLOYMENT_TARGET = 9.3;
				MTL_ENABLE_DEBUG_INFO = NO;
				SDKROOT = iphoneos;
				VALIDATE_PRODUCT = YES;
			};
			name = Release;
		};
		4E57FE261D306CB700A5BFE4 /* Debug */ = {
			isa = XCBuildConfiguration;
			buildSettings = {
				ASSETCATALOG_COMPILER_APPICON_NAME = AppIcon;
				CODE_SIGN_IDENTITY = "iPhone Developer";
				INFOPLIST_FILE = Class_Notification/Info.plist;
				IPHONEOS_DEPLOYMENT_TARGET = 8.1;
				LD_RUNPATH_SEARCH_PATHS = "$(inherited) @executable_path/Frameworks";
				PRODUCT_BUNDLE_IDENTIFIER = "RuizCom.Class-Notification";
				PRODUCT_NAME = "$(TARGET_NAME)";
			};
			name = Debug;
		};
		4E57FE271D306CB700A5BFE4 /* Release */ = {
			isa = XCBuildConfiguration;
			buildSettings = {
				ASSETCATALOG_COMPILER_APPICON_NAME = AppIcon;
				CODE_SIGN_IDENTITY = "iPhone Developer";
				INFOPLIST_FILE = Class_Notification/Info.plist;
				IPHONEOS_DEPLOYMENT_TARGET = 8.1;
				LD_RUNPATH_SEARCH_PATHS = "$(inherited) @executable_path/Frameworks";
				PRODUCT_BUNDLE_IDENTIFIER = "RuizCom.Class-Notification";
				PRODUCT_NAME = "$(TARGET_NAME)";
			};
			name = Release;
		};
/* End XCBuildConfiguration section */

/* Begin XCConfigurationList section */
		4E57FE061D306CB600A5BFE4 /* Build configuration list for PBXProject "Class_Notification" */ = {
			isa = XCConfigurationList;
			buildConfigurations = (
				4E57FE231D306CB700A5BFE4 /* Debug */,
				4E57FE241D306CB700A5BFE4 /* Release */,
			);
			defaultConfigurationIsVisible = 0;
			defaultConfigurationName = Release;
		};
		4E57FE251D306CB700A5BFE4 /* Build configuration list for PBXNativeTarget "Class_Notification" */ = {
			isa = XCConfigurationList;
			buildConfigurations = (
				4E57FE261D306CB700A5BFE4 /* Debug */,
				4E57FE271D306CB700A5BFE4 /* Release */,
			);
			defaultConfigurationIsVisible = 0;
		};
/* End XCConfigurationList section */

/* Begin XCVersionGroup section */
		4E57FE1A1D306CB600A5BFE4 /* Class_Notification.xcdatamodeld */ = {
			isa = XCVersionGroup;
			children = (
				4E57FE1B1D306CB600A5BFE4 /* Class_Notification.xcdatamodel */,
			);
			currentVersion = 4E57FE1B1D306CB600A5BFE4 /* Class_Notification.xcdatamodel */;
			path = Class_Notification.xcdatamodeld;
			sourceTree = "<group>";
			versionGroupType = wrapper.xcdatamodel;
		};
/* End XCVersionGroup section */
	};
	rootObject = 4E57FE031D306CB600A5BFE4 /* Project object */;
}
